
Microsoft Visual Studio Solution File, Format Version 12.00
# Visual Studio Version 17
VisualStudioVersion = 17.5.002.0
MinimumVisualStudioVersion = 10.0.40219.1
Project("{9A19103F-16F7-4668-BE54-9A1E7A4F7556}") = "Parqueadero-Api", "Parqueadero-Api.csproj", "{DA813E34-5912-43E3-B660-BC3800EE7988}"
EndProject
Global
	GlobalSection(SolutionConfigurationPlatforms) = preSolution
		Debug|Any CPU = Debug|Any CPU
		Release|Any CPU = Release|Any CPU
	EndGlobalSection
	GlobalSection(ProjectConfigurationPlatforms) = postSolution
		{DA813E34-5912-43E3-B660-BC3800EE7988}.Debug|Any CPU.ActiveCfg = Debug|Any CPU
		{DA813E34-5912-43E3-B660-BC3800EE7988}.Debug|Any CPU.Build.0 = Debug|Any CPU
		{DA813E34-5912-43E3-B660-BC3800EE7988}.Release|Any CPU.ActiveCfg = Release|Any CPU
		{DA813E34-5912-43E3-B660-BC3800EE7988}.Release|Any CPU.Build.0 = Release|Any CPU
	EndGlobalSection
	GlobalSection(SolutionProperties) = preSolution
		HideSolutionNode = FALSE
	EndGlobalSection
	GlobalSection(ExtensibilityGlobals) = postSolution
		SolutionGuid = {C098B5A3-31E1-45EC-A025-EF7A461C73D8}
	EndGlobalSection
EndGlobal
